
Microsoft Visual Studio Solution File, Format Version 12.00
# Visual Studio Version 17
VisualStudioVersion = 17.2.32616.157
MinimumVisualStudioVersion = 10.0.40219.1
Project("{9A19103F-16F7-4668-BE54-9A1E7A4F7556}") = "SceneGL.Testing", "SceneGL.Testing\SceneGL.Testing.csproj", "{440E51BF-EA57-47FB-834A-A379E00DF053}"
EndProject
Project("{FAE04EC0-301F-11D3-BF4B-00C04F79EFBC}") = "SceneGL", "SceneGL\SceneGL.csproj", "{AE164F61-953E-4B67-A5B5-B6C1A1B0D71C}"
EndProject
Global
	GlobalSection(SolutionConfigurationPlatforms) = preSolution
		Debug|Any CPU = Debug|Any CPU
		Release|Any CPU = Release|Any CPU
	EndGlobalSection
	GlobalSection(ProjectConfigurationPlatforms) = postSolution
		{440E51BF-EA57-47FB-834A-A379E00DF053}.Debug|Any CPU.ActiveCfg = Debug|Any CPU
		{440E51BF-EA57-47FB-834A-A379E00DF053}.Debug|Any CPU.Build.0 = Debug|Any CPU
		{440E51BF-EA57-47FB-834A-A379E00DF053}.Release|Any CPU.ActiveCfg = Release|Any CPU
		{440E51BF-EA57-47FB-834A-A379E00DF053}.Release|Any CPU.Build.0 = Release|Any CPU
		{AE164F61-953E-4B67-A5B5-B6C1A1B0D71C}.Debug|Any CPU.ActiveCfg = Debug|Any CPU
		{AE164F61-953E-4B67-A5B5-B6C1A1B0D71C}.Debug|Any CPU.Build.0 = Debug|Any CPU
		{AE164F61-953E-4B67-A5B5-B6C1A1B0D71C}.Release|Any CPU.ActiveCfg = Release|Any CPU
		{AE164F61-953E-4B67-A5B5-B6C1A1B0D71C}.Release|Any CPU.Build.0 = Release|Any CPU
	EndGlobalSection
	GlobalSection(SolutionProperties) = preSolution
		HideSolutionNode = FALSE
	EndGlobalSection
	GlobalSection(ExtensibilityGlobals) = postSolution
		SolutionGuid = {94BC26FE-0185-426B-9056-CA94FFFDAD03}
	EndGlobalSection
EndGlobal
